
Microsoft Visual Studio Solution File, Format Version 12.00
# Visual Studio 15
VisualStudioVersion = 15.0.27130.2036
MinimumVisualStudioVersion = 10.0.40219.1
Project("{FAE04EC0-301F-11D3-BF4B-00C04F79EFBC}") = "ListPageSample", "ListPageSample\ListPageSample.csproj", "{31CD46A8-572D-44C0-968E-B68E1BDE6171}"
EndProject
Global
	GlobalSection(SolutionConfigurationPlatforms) = preSolution
		Debug|Any CPU = Debug|Any CPU
		Release|Any CPU = Release|Any CPU
	EndGlobalSection
	GlobalSection(ProjectConfigurationPlatforms) = postSolution
		{31CD46A8-572D-44C0-968E-B68E1BDE6171}.Debug|Any CPU.ActiveCfg = Debug|Any CPU
		{31CD46A8-572D-44C0-968E-B68E1BDE6171}.Debug|Any CPU.Build.0 = Debug|Any CPU
		{31CD46A8-572D-44C0-968E-B68E1BDE6171}.Release|Any CPU.ActiveCfg = Release|Any CPU
		{31CD46A8-572D-44C0-968E-B68E1BDE6171}.Release|Any CPU.Build.0 = Release|Any CPU
	EndGlobalSection
	GlobalSection(SolutionProperties) = preSolution
		HideSolutionNode = FALSE
	EndGlobalSection
	GlobalSection(ExtensibilityGlobals) = postSolution
		SolutionGuid = {7D9EE6A8-67AA-420D-81EC-CF91E8F4E782}
	EndGlobalSection
EndGlobal
